<Solution>
  <Project Path="api/api.csproj" />
  <Project Path="Data/Data.csproj" Id="cd8dc977-e7b4-4bf6-aa4e-201cfe476318" />
  <Project Path="Models/Models.csproj" Id="7bfebb98-2f3b-4d53-8ffc-ef17a186c0d7" />
  <Project Path="Services/Services.csproj" Id="08b92965-f8ea-4648-9c42-e3feadd28c7a" />
</Solution>
